<?xml version="1.0" encoding="UTF-8" standalone="yes" ?>
<CodeBlocks_project_file>
	<FileVersion major="1" minor="6" />
	<Project>
		<Option title="Arkanoid" />
		<Option pch_mode="2" />
		<Option compiler="gcc" />
		<Build>
			<Target title="Debug">
				<Option output="bin/Debug/Arkanoid" prefix_auto="1" extension_auto="1" />
				<Option object_output="obj/Debug/" />
				<Option type="1" />
				<Option compiler="gcc" />
				<Compiler>
					<Add option="-std=c++14" />
					<Add option="-g" />
					<Add directory="C:/MinGW/include/SFML" />
					<Add directory="../Arkanoid" />
				</Compiler>
				<Linker>
					<Add library="sfml-window" />
					<Add library="sfml-system" />
					<Add library="sfml-graphics" />
					<Add directory="C:/MinGW/lib/SFML" />
				</Linker>
			</Target>
			<Target title="Release">
				<Option output="bin/Release/Arkanoid" prefix_auto="1" extension_auto="1" />
				<Option object_output="obj/Release/" />
				<Option type="1" />
				<Option compiler="gcc" />
				<Compiler>
					<Add option="-O2" />
					<Add option="-Winit-self" />
					<Add option="-std=c++14" />
					<Add directory="../Arkanoid" />
				</Compiler>
				<Linker>
					<Add option="-s" />
				</Linker>
			</Target>
		</Build>
		<Compiler>
			<Add option="-Wall" />
			<Add option="-fexceptions" />
			<Add directory="C:/MinGW/include/SFML" />
		</Compiler>
		<Linker>
			<Add library="sfml-system" />
			<Add library="sfml-window" />
			<Add library="sfml-graphics" />
			<Add directory="C:/MinGW/lib/SFML" />
		</Linker>
		<Unit filename="Animation.h" />
		<Unit filename="Blocks.h" />
		<Unit filename="Button.h" />
		<Unit filename="Circle.h" />
		<Unit filename="Editor.cpp" />
		<Unit filename="Editor.hpp" />
		<Unit filename="Entidad.h" />
		<Unit filename="GameLevel.txt" />
		<Unit filename="Globals.h" />
		<Unit filename="Player.h" />
		<Unit filename="arinoid.bmp" />
		<Unit filename="main.cpp" />
		<Extensions>
			<lib_finder disable_auto="1" />
			<code_completion />
			<envvars />
			<debugger />
		</Extensions>
	</Project>
</CodeBlocks_project_file>
