<?xml version="1.0" encoding="UTF-8" standalone="yes" ?>
<CodeBlocks_project_file>
	<FileVersion major="1" minor="6" />
	<Project>
		<Option title="Arkanoid" />
		<Option pch_mode="2" />
		<Option compiler="gcc" />
		<Build>
			<Target title="Debug">
				<Option output="bin/Debug/Arkanoid" prefix_auto="1" extension_auto="1" />
				<Option object_output="obj/Debug/" />
				<Option type="1" />
				<Option compiler="gcc" />
				<Option use_console_runner="0" />
				<Compiler>
					<Add option="-std=c++14" />
					<Add option="-g" />
					<Add directory="C:/MinGW/include/SFML" />
					<Add directory="../Arkanoid" />
				</Compiler>
				<Linker>
					<Add library="sfml-system" />
					<Add library="sfml-window" />
					<Add library="sfml-graphics" />
					<Add library="sfml-audio" />
					<Add directory="C:/MinGW/lib/SFML" />
				</Linker>
			</Target>
			<Target title="Release">
				<Option output="bin/Release/Arkanoid" prefix_auto="1" extension_auto="1" />
				<Option object_output="obj/Release/" />
				<Option type="1" />
				<Option compiler="gcc" />
				<Option parameters="Zaida" />
				<Compiler>
					<Add option="-O2" />
					<Add option="-Winit-self" />
					<Add option="-std=c++14" />
					<Add option="-DRELEASED" />
					<Add directory="../Arkanoid" />
				</Compiler>
				<Linker>
					<Add option="-s" />
					<Add library="sfml-system" />
					<Add library="sfml-window" />
					<Add library="sfml-graphics" />
					<Add library="sfml-audio" />
				</Linker>
			</Target>
			<Target title="linuxs_Debug">
				<Option output="bin/Debug/Arkanoid.x86_64" prefix_auto="1" extension_auto="0" />
				<Option object_output="obj/Debug/" />
				<Option type="1" />
				<Option compiler="gcc" />
				<Option use_console_runner="0" />
				<Compiler>
					<Add option="-std=c++14" />
					<Add option="-g" />
					<Add directory="/usr/include/SFML" />
					<Add directory="../Arkanoid" />
				</Compiler>
				<Linker>
					<Add library="sfml-system" />
					<Add library="sfml-window" />
					<Add library="sfml-graphics" />
					<Add library="sfml-audio" />
					<Add directory="/usr/lib" />
				</Linker>
			</Target>
			<Target title="linuxs_Release">
				<Option output="bin/Release/Arkanoid.x86_64" prefix_auto="1" extension_auto="0" />
				<Option object_output="obj/Release/" />
				<Option type="1" />
				<Option compiler="gcc" />
				<Option parameters="Zaida" />
				<Compiler>
					<Add option="-O2" />
					<Add option="-Winit-self" />
					<Add option="-std=c++14" />
					<Add option="-DRELEASED" />
					<Add option="-DSFML_STATIC" />
					<Add directory="../Arkanoid" />
					<Add directory="/usr/include/SFML" />
				</Compiler>
				<Linker>
					<Add option="-s" />
					<Add library="sfml-system" />
					<Add library="sfml-window" />
					<Add library="sfml-graphics" />
					<Add library="sfml-audio" />
					<Add directory="/usr/lib" />
				</Linker>
			</Target>
			<Target title="ReleaseStatic">
				<Option output="bin/Release/Arkanoid" prefix_auto="1" extension_auto="1" />
				<Option object_output="obj/Release/" />
				<Option type="1" />
				<Option compiler="gcc" />
				<Option parameters="Zaida" />
				<Compiler>
					<Add option="-O2" />
					<Add option="-Winit-self" />
					<Add option="-std=c++14" />
					<Add option="-DRELEASED" />
					<Add option="-DSFML_STATIC" />
					<Add directory="../Arkanoid" />
				</Compiler>
				<Linker>
					<Add option="-s" />
					<Add option="c:/MinGW/lib/SFML/static/libsfml-main.a" />
					<Add option="c:/MinGW/lib/SFML/static/libsfml-system-s.a" />
					<Add option="c:/MinGW/lib/SFML/static/libsfml-window-s.a" />
					<Add option="c:/MinGW/lib/SFML/static/libsfml-graphics-s.a" />
					<Add option="c:/MinGW/lib/SFML/static/libsfml-audio-s.a" />
					<Add option="c:/MinGW/lib/SFML/static/libfreetype.a" />
					<Add option="c:/MinGW/lib/SFML/static/libvorbisfile.a" />
					<Add option="c:/MinGW/lib/SFML/static/libvorbisenc.a" />
					<Add option="c:/MinGW/lib/SFML/static/libvorbis.a" />
					<Add option="c:/MinGW/lib/SFML/static/libopenal32.a" />
					<Add option="c:/MinGW/lib/SFML/static/libogg.a" />
					<Add option="c:/MinGW/lib/SFML/static/libFLAC.a" />
					<Add option="c:/MinGW/lib/libopengl32.a" />
					<Add option="c:/MinGW/lib/libwinmm.a" />
					<Add option="c:/MinGW/lib/libgdi32.a" />
					<Add option="c:/MinGW/lib/libws2_32.a" />
					<Add option="-static-libstdc++" />
					<Add option="-static-libgcc" />
					<Add directory="C:/MinGW/lib/SFML/static" />
				</Linker>
			</Target>
			<Target title="linuxs_ReleaseStatic">
				<Option output="bin/Release/Arkanoid.x86_64" prefix_auto="1" extension_auto="0" />
				<Option object_output="obj/Release/" />
				<Option type="1" />
				<Option compiler="gcc" />
				<Option parameters="Zaida" />
				<Compiler>
					<Add option="-O2" />
					<Add option="-Winit-self" />
					<Add option="-std=c++14" />
					<Add option="-DRELEASED" />
					<Add option="-DSFML_STATIC" />
					<Add directory="../Arkanoid" />
				</Compiler>
				<Linker>
					<Add option="-s" />
					<Add option="-static-libstdc++" />
					<Add option="-static-libgcc" />
					<Add option="/usr/lib/x86_64-linux-gnu/libsfml-main.a" />
					<Add option="/usr/lib/x86_64-linux-gnu/libsfml-graphics-s.a" />
					<Add option="/usr/lib/x86_64-linux-gnu/libsfml-window-s.a" />
					<Add option="/usr/lib/x86_64-linux-gnu/libsfml-system-s.a" />
					<Add option="/usr/lib/x86_64-linux-gnu/libfreetype.a" />
					<Add option="/usr/lib/x86_64-linux-gnu/libopengl32.a" />
					<Add option="/usr/lib/x86_64-linux-gnu/libwinmm.a" />
					<Add option="/usr/lib/x86_64-linux-gnu/libgdi32.a" />
					<Add option="/usr/lib/x86_64-linux-gnu/libws2_32.a" />
					<Add directory="/usr/lib/x86_64-linux-gnu" />
				</Linker>
			</Target>
		</Build>
		<Compiler>
			<Add option="-Wall" />
			<Add option="-fexceptions" />
			<Add directory="C:/MinGW/include/SFML" />
		</Compiler>
		<Linker>
			<Add library="sfml-system" />
			<Add library="sfml-window" />
			<Add library="sfml-graphics" />
			<Add directory="C:/MinGW/lib/SFML" />
		</Linker>
		<Unit filename="Animation.h" />
		<Unit filename="Blocks.h" />
		<Unit filename="Button.h" />
		<Unit filename="Circle.h" />
		<Unit filename="Editor.cpp" />
		<Unit filename="Editor.hpp" />
		<Unit filename="Entidad.h" />
		<Unit filename="GameLevel.txt" />
		<Unit filename="Globals.h" />
		<Unit filename="Player.h" />
		<Unit filename="ScrFinal.hpp" />
		<Unit filename="ScrMusic.hpp" />
		<Unit filename="ScrNames.hpp" />
		<Unit filename="ScrScore.hpp" />
		<Unit filename="arinoid.bmp" />
		<Unit filename="main.cpp" />
		<Extensions>
			<lib_finder disable_auto="1" />
			<code_completion />
			<envvars />
			<debugger />
		</Extensions>
	</Project>
</CodeBlocks_project_file>
